
Microsoft Visual Studio Solution File, Format Version 12.00
# Visual Studio Version 16
VisualStudioVersion = 16.0.32228.343
MinimumVisualStudioVersion = 10.0.40219.1
Project("{FAE04EC0-301F-11D3-BF4B-00C04F79EFBC}") = "CLPS2C", "CLPS2C\CLPS2C.csproj", "{377CA2CE-3E36-423E-A058-48A1EB82430B}"
EndProject
Global
	GlobalSection(SolutionConfigurationPlatforms) = preSolution
		Debug|Any CPU = Debug|Any CPU
		Release|Any CPU = Release|Any CPU
	EndGlobalSection
	GlobalSection(ProjectConfigurationPlatforms) = postSolution
		{377CA2CE-3E36-423E-A058-48A1EB82430B}.Debug|Any CPU.ActiveCfg = Debug|Any CPU
		{377CA2CE-3E36-423E-A058-48A1EB82430B}.Debug|Any CPU.Build.0 = Debug|Any CPU
		{377CA2CE-3E36-423E-A058-48A1EB82430B}.Release|Any CPU.ActiveCfg = Release|Any CPU
		{377CA2CE-3E36-423E-A058-48A1EB82430B}.Release|Any CPU.Build.0 = Release|Any CPU
	EndGlobalSection
	GlobalSection(SolutionProperties) = preSolution
		HideSolutionNode = FALSE
	EndGlobalSection
	GlobalSection(ExtensibilityGlobals) = postSolution
		SolutionGuid = {112213ED-876D-4099-8706-D9C22E6FE1E5}
	EndGlobalSection
EndGlobal
